
Microsoft Visual Studio Solution File, Format Version 12.00
# Visual Studio Version 17
VisualStudioVersion = 17.1.32328.378
MinimumVisualStudioVersion = 10.0.40219.1
Project("{FAE04EC0-301F-11D3-BF4B-00C04F79EFBC}") = "JokesWebApp", "JokesWebApp\JokesWebApp.csproj", "{92E59A7F-6D84-4F82-B59B-548296F8B68F}"
EndProject
Global
	GlobalSection(SolutionConfigurationPlatforms) = preSolution
		Debug|Any CPU = Debug|Any CPU
		Release|Any CPU = Release|Any CPU
	EndGlobalSection
	GlobalSection(ProjectConfigurationPlatforms) = postSolution
		{92E59A7F-6D84-4F82-B59B-548296F8B68F}.Debug|Any CPU.ActiveCfg = Debug|Any CPU
		{92E59A7F-6D84-4F82-B59B-548296F8B68F}.Debug|Any CPU.Build.0 = Debug|Any CPU
		{92E59A7F-6D84-4F82-B59B-548296F8B68F}.Release|Any CPU.ActiveCfg = Release|Any CPU
		{92E59A7F-6D84-4F82-B59B-548296F8B68F}.Release|Any CPU.Build.0 = Release|Any CPU
	EndGlobalSection
	GlobalSection(SolutionProperties) = preSolution
		HideSolutionNode = FALSE
	EndGlobalSection
	GlobalSection(ExtensibilityGlobals) = postSolution
		SolutionGuid = {929B31C0-415E-4A91-9904-420B4A77AB7A}
	EndGlobalSection
EndGlobal
